<?xml version="1.0" encoding="utf-8"?>
<Project ToolsVersion="4.0" xmlns="http://schemas.microsoft.com/developer/msbuild/2003">
  <ItemGroup>
    <Filter Include="Source Files">
      <UniqueIdentifier>{4FC737F1-C7A5-4376-A066-2A32D752A2FF}</UniqueIdentifier>
      <Extensions>cpp;c;cc;cxx;def;odl;idl;hpj;bat;asm;asmx</Extensions>
    </Filter>
    <Filter Include="Header Files">
      <UniqueIdentifier>{93995380-89BD-4b04-88EB-625FBE52EBFB}</UniqueIdentifier>
      <Extensions>h;hh;hpp;hxx;hm;inl;inc;xsd</Extensions>
    </Filter>
    <Filter Include="Resource Files">
      <UniqueIdentifier>{67DA6AB6-F800-4c08-8B7A-83BB121AAD01}</UniqueIdentifier>
      <Extensions>rc;ico;cur;bmp;dlg;rc2;rct;bin;rgs;gif;jpg;jpeg;jpe;resx;tiff;tif;png;wav;mfcribbon-ms</Extensions>
    </Filter>
  </ItemGroup>
  <ItemGroup>
    <ClInclude Include="stdafx.h">
      <Filter>Header Files</Filter>
    </ClInclude>
    <ClInclude Include="targetver.h">
      <Filter>Header Files</Filter>
    </ClInclude>
    <ClInclude Include="..\tempDelete\BreakDown.h">
      <Filter>Header Files</Filter>
    </ClInclude>
    <ClInclude Include="..\tempDelete\Connection.h">
      <Filter>Header Files</Filter>
    </ClInclude>
    <ClInclude Include="..\tempDelete\DataCollector.h">
      <Filter>Header Files</Filter>
    </ClInclude>
    <ClInclude Include="..\tempDelete\FileManager.h">
      <Filter>Header Files</Filter>
    </ClInclude>
    <ClInclude Include="..\tempDelete\LinkedList.h">
      <Filter>Header Files</Filter>
    </ClInclude>
    <ClInclude Include="..\tempDelete\MasterResource.h">
      <Filter>Header Files</Filter>
    </ClInclude>
    <ClInclude Include="..\tempDelete\MLP.h">
      <Filter>Header Files</Filter>
    </ClInclude>
    <ClInclude Include="..\tempDelete\NeuralNetwork.h">
      <Filter>Header Files</Filter>
    </ClInclude>
    <ClInclude Include="..\tempDelete\Neuron.h">
      <Filter>Header Files</Filter>
    </ClInclude>
    <ClInclude Include="..\tempDelete\NGram.h">
      <Filter>Header Files</Filter>
    </ClInclude>
    <ClInclude Include="..\tempDelete\Phrase.h">
      <Filter>Header Files</Filter>
    </ClInclude>
    <ClInclude Include="..\tempDelete\POS.h">
      <Filter>Header Files</Filter>
    </ClInclude>
    <ClInclude Include="..\tempDelete\PredictionEngine.h">
      <Filter>Header Files</Filter>
    </ClInclude>
    <ClInclude Include="..\tempDelete\Punctuation.h">
      <Filter>Header Files</Filter>
    </ClInclude>
    <ClInclude Include="..\tempDelete\RBM.h">
      <Filter>Header Files</Filter>
    </ClInclude>
    <ClInclude Include="..\tempDelete\SStructure.h">
      <Filter>Header Files</Filter>
    </ClInclude>
    <ClInclude Include="..\tempDelete\Text.h">
      <Filter>Header Files</Filter>
    </ClInclude>
    <ClInclude Include="..\tempDelete\vectorContains.h">
      <Filter>Header Files</Filter>
    </ClInclude>
    <ClInclude Include="..\tempDelete\Word.h">
      <Filter>Header Files</Filter>
    </ClInclude>
  </ItemGroup>
  <ItemGroup>
    <ClCompile Include="stdafx.cpp">
      <Filter>Source Files</Filter>
    </ClCompile>
    <ClCompile Include="unittest1.cpp">
      <Filter>Source Files</Filter>
    </ClCompile>
    <ClCompile Include="..\tempDelete\BreakDownV.cpp">
      <Filter>Source Files</Filter>
    </ClCompile>
    <ClCompile Include="..\tempDelete\Connection.cpp">
      <Filter>Source Files</Filter>
    </ClCompile>
    <ClCompile Include="..\tempDelete\DataCollector.cpp">
      <Filter>Source Files</Filter>
    </ClCompile>
    <ClCompile Include="..\tempDelete\FileManager.cpp">
      <Filter>Source Files</Filter>
    </ClCompile>
    <ClCompile Include="..\tempDelete\MasterResource.cpp">
      <Filter>Source Files</Filter>
    </ClCompile>
    <ClCompile Include="..\tempDelete\MLP.cpp">
      <Filter>Source Files</Filter>
    </ClCompile>
    <ClCompile Include="..\tempDelete\NeuralNetwork.cpp">
      <Filter>Source Files</Filter>
    </ClCompile>
    <ClCompile Include="..\tempDelete\Neuron.cpp">
      <Filter>Source Files</Filter>
    </ClCompile>
    <ClCompile Include="..\tempDelete\Phrase.cpp">
      <Filter>Source Files</Filter>
    </ClCompile>
    <ClCompile Include="..\tempDelete\POS.cpp">
      <Filter>Source Files</Filter>
    </ClCompile>
    <ClCompile Include="..\tempDelete\PredictionEngine.cpp">
      <Filter>Source Files</Filter>
    </ClCompile>
    <ClCompile Include="..\tempDelete\Punctuation.cpp">
      <Filter>Source Files</Filter>
    </ClCompile>
    <ClCompile Include="..\tempDelete\RBM.cpp">
      <Filter>Source Files</Filter>
    </ClCompile>
    <ClCompile Include="..\tempDelete\SStructure.cpp">
      <Filter>Source Files</Filter>
    </ClCompile>
    <ClCompile Include="..\tempDelete\Text.cpp">
      <Filter>Source Files</Filter>
    </ClCompile>
    <ClCompile Include="..\tempDelete\Word.cpp">
      <Filter>Source Files</Filter>
    </ClCompile>
  </ItemGroup>
  <ItemGroup>
    <Text Include="..\tempDelete\NGrams.txt" />
  </ItemGroup>
</Project>